Microsoft Visual Studio Solution File, Format Version 12.00
# Visual Studio 2013
VisualStudioVersion = 12.0.40629.0
MinimumVisualStudioVersion = 10.0.40219.1
Project("{8BC9CEB8-8B4A-11D0-8D11-00A0C91BC942}") = "ADAscin", "ascin\Ascin.vcxproj", "{E44FA3A5-C28C-485B-B234-68A157DBC1F6}"
EndProject
Project("{8BC9CEB8-8B4A-11D0-8D11-00A0C91BC942}") = "ADAsyin", "asyin\Asyin.vcxproj", "{ABB77548-0B3D-47C1-BB18-8A093A066FEA}"
EndProject
Project("{8BC9CEB8-8B4A-11D0-8D11-00A0C91BC942}") = "ADAsyout", "asyout\Asyout.vcxproj", "{48052AA7-8C05-4F1A-BB9C-108A0A04F187}"
EndProject
Project("{8BC9CEB8-8B4A-11D0-8D11-00A0C91BC942}") = "ADEdifin", "edifin\Edifin.vcxproj", "{4C0F2BC4-2F94-4542-A310-C3B6CA8475D2}"
EndProject
Project("{8BC9CEB8-8B4A-11D0-8D11-00A0C91BC942}") = "ADEdifout", "edifout\Edifout.vcxproj", "{0A9467A1-3F9E-4BDB-8612-05DF9E47EDE4}"
EndProject
Project("{8BC9CEB8-8B4A-11D0-8D11-00A0C91BC942}") = "ADAscout", "ascout\Ascout.vcxproj", "{3AD2C3D6-51E4-417F-97A1-42F0E780BE43}"
EndProject
Global
	GlobalSection(SolutionConfigurationPlatforms) = preSolution
		Debug|Win32 = Debug|Win32
		Release|Win32 = Release|Win32
	EndGlobalSection
	GlobalSection(ProjectConfigurationPlatforms) = postSolution
		{E44FA3A5-C28C-485B-B234-68A157DBC1F6}.Debug|Win32.ActiveCfg = Debug|Win32
		{E44FA3A5-C28C-485B-B234-68A157DBC1F6}.Debug|Win32.Build.0 = Debug|Win32
		{E44FA3A5-C28C-485B-B234-68A157DBC1F6}.Release|Win32.ActiveCfg = Release|Win32
		{E44FA3A5-C28C-485B-B234-68A157DBC1F6}.Release|Win32.Build.0 = Release|Win32
		{ABB77548-0B3D-47C1-BB18-8A093A066FEA}.Debug|Win32.ActiveCfg = Debug|Win32
		{ABB77548-0B3D-47C1-BB18-8A093A066FEA}.Debug|Win32.Build.0 = Debug|Win32
		{ABB77548-0B3D-47C1-BB18-8A093A066FEA}.Release|Win32.ActiveCfg = Release|Win32
		{ABB77548-0B3D-47C1-BB18-8A093A066FEA}.Release|Win32.Build.0 = Release|Win32
		{48052AA7-8C05-4F1A-BB9C-108A0A04F187}.Debug|Win32.ActiveCfg = Debug|Win32
		{48052AA7-8C05-4F1A-BB9C-108A0A04F187}.Debug|Win32.Build.0 = Debug|Win32
		{48052AA7-8C05-4F1A-BB9C-108A0A04F187}.Release|Win32.ActiveCfg = Release|Win32
		{48052AA7-8C05-4F1A-BB9C-108A0A04F187}.Release|Win32.Build.0 = Release|Win32
		{4C0F2BC4-2F94-4542-A310-C3B6CA8475D2}.Debug|Win32.ActiveCfg = Debug|Win32
		{4C0F2BC4-2F94-4542-A310-C3B6CA8475D2}.Debug|Win32.Build.0 = Debug|Win32
		{4C0F2BC4-2F94-4542-A310-C3B6CA8475D2}.Release|Win32.ActiveCfg = Release|Win32
		{4C0F2BC4-2F94-4542-A310-C3B6CA8475D2}.Release|Win32.Build.0 = Release|Win32
		{0A9467A1-3F9E-4BDB-8612-05DF9E47EDE4}.Debug|Win32.ActiveCfg = Debug|Win32
		{0A9467A1-3F9E-4BDB-8612-05DF9E47EDE4}.Debug|Win32.Build.0 = Debug|Win32
		{0A9467A1-3F9E-4BDB-8612-05DF9E47EDE4}.Release|Win32.ActiveCfg = Release|Win32
		{0A9467A1-3F9E-4BDB-8612-05DF9E47EDE4}.Release|Win32.Build.0 = Release|Win32
		{3AD2C3D6-51E4-417F-97A1-42F0E780BE43}.Debug|Win32.ActiveCfg = Debug|Win32
		{3AD2C3D6-51E4-417F-97A1-42F0E780BE43}.Debug|Win32.Build.0 = Debug|Win32
		{3AD2C3D6-51E4-417F-97A1-42F0E780BE43}.Release|Win32.ActiveCfg = Release|Win32
		{3AD2C3D6-51E4-417F-97A1-42F0E780BE43}.Release|Win32.Build.0 = Release|Win32
	EndGlobalSection
	GlobalSection(SolutionProperties) = preSolution
		HideSolutionNode = FALSE
	EndGlobalSection
EndGlobal
