<?xml version="1.0" encoding="utf-8"?>
<Project ToolsVersion="4.0" xmlns="http://schemas.microsoft.com/developer/msbuild/2003">
  <ItemGroup>
    <Filter Include="Source Files">
      <UniqueIdentifier>{d2b3c122-d4b8-477b-b092-88242fe08712}</UniqueIdentifier>
      <Extensions>cpp;c;cxx;rc;def;r;odl;hpj;bat;for;f90</Extensions>
    </Filter>
    <Filter Include="Header Files">
      <UniqueIdentifier>{13a8d31f-e19e-4308-a26d-a12ba02e2155}</UniqueIdentifier>
      <Extensions>h;hpp;hxx;hm;inl;fi;fd</Extensions>
    </Filter>
    <Filter Include="Resource Files">
      <UniqueIdentifier>{c838e48a-2229-416f-aa91-cb2a743e67e3}</UniqueIdentifier>
      <Extensions>ico;cur;bmp;dlg;rc2;rct;bin;cnt;rtf;gif;jpg;jpeg;jpe</Extensions>
    </Filter>
    <Filter Include="Library Files">
      <UniqueIdentifier>{acace026-604b-496f-9394-932167af9669}</UniqueIdentifier>
      <Extensions>lib</Extensions>
    </Filter>
  </ItemGroup>
  <ItemGroup>
    <ClCompile Include="DISPLAY.CPP">
      <Filter>Source Files</Filter>
    </ClCompile>
    <ClCompile Include="EDIF.CPP">
      <Filter>Source Files</Filter>
    </ClCompile>
    <ClCompile Include="FIGURE.CPP">
      <Filter>Source Files</Filter>
    </ClCompile>
    <ClCompile Include="INITEDFI.CPP">
      <Filter>Source Files</Filter>
    </ClCompile>
    <ClCompile Include="KEYEDFI.CPP">
      <Filter>Source Files</Filter>
    </ClCompile>
    <ClCompile Include="LEXEDFI.CPP">
      <Filter>Source Files</Filter>
    </ClCompile>
    <ClCompile Include="LOW.CPP">
      <Filter>Source Files</Filter>
    </ClCompile>
    <ClCompile Include="..\Ascin\MAINASCI.cpp">
      <Filter>Source Files</Filter>
    </ClCompile>
    <ClCompile Include="NAMEEDFI.CPP">
      <Filter>Source Files</Filter>
    </ClCompile>
    <ClCompile Include="PARSEDFI.CPP">
      <Filter>Source Files</Filter>
    </ClCompile>
    <ClCompile Include="PORT.CPP">
      <Filter>Source Files</Filter>
    </ClCompile>
    <ClCompile Include="SYMBOL.CPP">
      <Filter>Source Files</Filter>
    </ClCompile>
  </ItemGroup>
  <ItemGroup>
    <ClInclude Include="..\..\editors\include\DwgCtrl.h">
      <Filter>Header Files</Filter>
    </ClInclude>
    <ClInclude Include="..\..\editors\Include\attr.h">
      <Filter>Header Files</Filter>
    </ClInclude>
    <ClInclude Include="edif.h">
      <Filter>Header Files</Filter>
    </ClInclude>
    <ClInclude Include="edifin.h">
      <Filter>Header Files</Filter>
    </ClInclude>
    <ClInclude Include="funcs.h">
      <Filter>Header Files</Filter>
    </ClInclude>
    <ClInclude Include="key.h">
      <Filter>Header Files</Filter>
    </ClInclude>
    <ClInclude Include="..\..\editors\Include\mathmac.h">
      <Filter>Header Files</Filter>
    </ClInclude>
    <ClInclude Include="..\..\editors\include\scsdef.h">
      <Filter>Header Files</Filter>
    </ClInclude>
    <ClInclude Include="..\stdafx.h">
      <Filter>Header Files</Filter>
    </ClInclude>
    <ClInclude Include="..\..\editors\Include\sympi.h">
      <Filter>Header Files</Filter>
    </ClInclude>
    <ClInclude Include="..\..\editors\include\sysdlg.h">
      <Filter>Header Files</Filter>
    </ClInclude>
    <ClInclude Include="token.h">
      <Filter>Header Files</Filter>
    </ClInclude>
    <ClInclude Include="..\..\editors\Include\winfuncs.h">
      <Filter>Header Files</Filter>
    </ClInclude>
  </ItemGroup>
  <ItemGroup>
    <None Include="..\..\editors\pwin\alert.dlg">
      <Filter>Resource Files</Filter>
    </None>
  </ItemGroup>
  <ItemGroup>
    <ResourceCompile Include="..\utility.rc">
      <Filter>Resource Files</Filter>
    </ResourceCompile>
  </ItemGroup>
  <ItemGroup>
    <Library Include="..\..\netlists\tclLib\tcl84.lib">
      <Filter>Library Files</Filter>
    </Library>
    <Library Include="..\..\netlists\tclLib\tclstub84.lib">
      <Filter>Library Files</Filter>
    </Library>
    <Library Include="..\..\netlists\tclLib\tk84.lib">
      <Filter>Library Files</Filter>
    </Library>
    <Library Include="..\..\netlists\tclLib\tkstub84.lib">
      <Filter>Library Files</Filter>
    </Library>
    <Library Include="..\..\LTCSimNetlist\Libraries\nttapkp.lib">
      <Filter>Library Files</Filter>
    </Library>
    <Library Include="..\..\LTCSimNetlist\Libraries\sympi.lib">
      <Filter>Library Files</Filter>
    </Library>
  </ItemGroup>
</Project>