<?xml version="1.0" encoding="utf-8"?>
<Project ToolsVersion="4.0" xmlns="http://schemas.microsoft.com/developer/msbuild/2003">
  <ItemGroup>
    <Filter Include="Source Files">
      <UniqueIdentifier>{a0ee8f12-b622-4dbe-9452-91756608e431}</UniqueIdentifier>
      <Extensions>cpp;c;cxx;rc;def;r;odl;hpj;bat;for;f90</Extensions>
    </Filter>
    <Filter Include="Header Files">
      <UniqueIdentifier>{62b13bf0-113f-4789-94e3-d54606afdaf6}</UniqueIdentifier>
      <Extensions>h;hpp;hxx;hm;inl;fi;fd</Extensions>
    </Filter>
    <Filter Include="Resource Files">
      <UniqueIdentifier>{f0f94ead-9721-4a47-9bfc-e6fa399e41e3}</UniqueIdentifier>
      <Extensions>ico;cur;bmp;dlg;rc2;rct;bin;cnt;rtf;gif;jpg;jpeg;jpe</Extensions>
    </Filter>
    <Filter Include="Library Files">
      <UniqueIdentifier>{50f667f3-6977-4ce9-939c-5ed58565d03c}</UniqueIdentifier>
      <Extensions>lib</Extensions>
    </Filter>
  </ItemGroup>
  <ItemGroup>
    <ClCompile Include="ASYIN1.cpp">
      <Filter>Source Files</Filter>
    </ClCompile>
    <ClCompile Include="ASYIN2.cpp">
      <Filter>Source Files</Filter>
    </ClCompile>
    <ClCompile Include="ASYIN3.cpp">
      <Filter>Source Files</Filter>
    </ClCompile>
    <ClCompile Include="INITASYI.cpp">
      <Filter>Source Files</Filter>
    </ClCompile>
    <ClCompile Include="KEYASYI.cpp">
      <Filter>Source Files</Filter>
    </ClCompile>
    <ClCompile Include="LEXASYI.cpp">
      <Filter>Source Files</Filter>
    </ClCompile>
    <ClCompile Include="..\Ascin\MAINASCI.cpp">
      <Filter>Source Files</Filter>
    </ClCompile>
    <ClCompile Include="PARSASYI.cpp">
      <Filter>Source Files</Filter>
    </ClCompile>
  </ItemGroup>
  <ItemGroup>
    <ClInclude Include="..\..\editors\pwin\WinTools.h">
      <Filter>Header Files</Filter>
    </ClInclude>
    <ClInclude Include="ascin.h">
      <Filter>Header Files</Filter>
    </ClInclude>
    <ClInclude Include="..\..\editors\Include\attr.h">
      <Filter>Header Files</Filter>
    </ClInclude>
    <ClInclude Include="funcs.h">
      <Filter>Header Files</Filter>
    </ClInclude>
    <ClInclude Include="key.h">
      <Filter>Header Files</Filter>
    </ClInclude>
    <ClInclude Include="..\..\editors\include\scsdef.h">
      <Filter>Header Files</Filter>
    </ClInclude>
    <ClInclude Include="..\stdafx.h">
      <Filter>Header Files</Filter>
    </ClInclude>
    <ClInclude Include="..\..\editors\Include\sympi.h">
      <Filter>Header Files</Filter>
    </ClInclude>
    <ClInclude Include="..\..\editors\include\sysdlg.h">
      <Filter>Header Files</Filter>
    </ClInclude>
    <ClInclude Include="..\..\editors\Include\winfuncs.h">
      <Filter>Header Files</Filter>
    </ClInclude>
  </ItemGroup>
  <ItemGroup>
    <None Include="..\..\editors\pwin\alert.dlg">
      <Filter>Resource Files</Filter>
    </None>
  </ItemGroup>
  <ItemGroup>
    <ResourceCompile Include="..\utility.rc">
      <Filter>Resource Files</Filter>
    </ResourceCompile>
  </ItemGroup>
  <ItemGroup>
    <Library Include="..\..\netlists\tclLib\tcl84.lib">
      <Filter>Library Files</Filter>
    </Library>
    <Library Include="..\..\netlists\tclLib\tclstub84.lib">
      <Filter>Library Files</Filter>
    </Library>
    <Library Include="..\..\netlists\tclLib\tk84.lib">
      <Filter>Library Files</Filter>
    </Library>
    <Library Include="..\..\netlists\tclLib\tkstub84.lib">
      <Filter>Library Files</Filter>
    </Library>
    <Library Include="..\..\LTCSimNetlist\Libraries\nttapkp.lib">
      <Filter>Library Files</Filter>
    </Library>
    <Library Include="..\..\LTCSimNetlist\Libraries\sympi.lib">
      <Filter>Library Files</Filter>
    </Library>
  </ItemGroup>
</Project>