<?xml version="1.0" encoding="utf-8"?>
<Project ToolsVersion="4.0" xmlns="http://schemas.microsoft.com/developer/msbuild/2003">
  <ItemGroup>
    <Filter Include="Source Files">
      <UniqueIdentifier>{04802b6e-02c5-49c5-b83e-55dc5cbd2d79}</UniqueIdentifier>
      <Extensions>cpp;c;cxx;rc;def;r;odl;hpj;bat;for;f90</Extensions>
    </Filter>
    <Filter Include="Header Files">
      <UniqueIdentifier>{26c3bf77-20fe-48c4-8d00-c22012abe412}</UniqueIdentifier>
      <Extensions>h;hpp;hxx;hm;inl;fi;fd</Extensions>
    </Filter>
    <Filter Include="Resource Files">
      <UniqueIdentifier>{0cbb7e33-f712-408e-ad70-e7f60afd1bad}</UniqueIdentifier>
      <Extensions>ico;cur;bmp;dlg;rc2;rct;bin;cnt;rtf;gif;jpg;jpeg;jpe</Extensions>
    </Filter>
    <Filter Include="Library Files">
      <UniqueIdentifier>{a8f20649-a86c-4b8c-a54f-b0c9027245b5}</UniqueIdentifier>
      <Extensions>lib</Extensions>
    </Filter>
  </ItemGroup>
  <ItemGroup>
    <ClCompile Include="ATTREDFO.CPP">
      <Filter>Source Files</Filter>
    </ClCompile>
    <ClCompile Include="EDIFOUT.CPP">
      <Filter>Source Files</Filter>
    </ClCompile>
    <ClCompile Include="..\Ascout\MAINASCO.CPP">
      <Filter>Source Files</Filter>
    </ClCompile>
    <ClCompile Include="UTILEDFO.CPP">
      <Filter>Source Files</Filter>
    </ClCompile>
  </ItemGroup>
  <ItemGroup>
    <ClInclude Include="..\..\editors\include\DwgCtrl.h">
      <Filter>Header Files</Filter>
    </ClInclude>
    <ClInclude Include="funcs.h">
      <Filter>Header Files</Filter>
    </ClInclude>
    <ClInclude Include="..\..\editors\Include\mathmac.h">
      <Filter>Header Files</Filter>
    </ClInclude>
    <ClInclude Include="..\..\editors\include\scsdef.h">
      <Filter>Header Files</Filter>
    </ClInclude>
    <ClInclude Include="..\..\editors\Include\spikproc.h">
      <Filter>Header Files</Filter>
    </ClInclude>
    <ClInclude Include="..\..\editors\include\sysdlg.h">
      <Filter>Header Files</Filter>
    </ClInclude>
    <ClInclude Include="..\..\netlists\common\attr.h">
      <Filter>Header Files</Filter>
    </ClInclude>
    <ClInclude Include="..\..\netlists\common\stdafx.h">
      <Filter>Header Files</Filter>
    </ClInclude>
  </ItemGroup>
  <ItemGroup>
    <None Include="..\..\editors\pwin\alert.dlg">
      <Filter>Resource Files</Filter>
    </None>
  </ItemGroup>
  <ItemGroup>
    <ResourceCompile Include="..\utility.rc">
      <Filter>Resource Files</Filter>
    </ResourceCompile>
  </ItemGroup>
  <ItemGroup>
    <Library Include="..\..\netlists\tclLib\tcl84.lib">
      <Filter>Library Files</Filter>
    </Library>
    <Library Include="..\..\netlists\tclLib\tclstub84.lib">
      <Filter>Library Files</Filter>
    </Library>
    <Library Include="..\..\netlists\tclLib\tk84.lib">
      <Filter>Library Files</Filter>
    </Library>
    <Library Include="..\..\netlists\tclLib\tkstub84.lib">
      <Filter>Library Files</Filter>
    </Library>
    <Library Include="..\..\LTCSimNetlist\Libraries\nttapkp.lib">
      <Filter>Library Files</Filter>
    </Library>
    <Library Include="..\..\LTCSimNetlist\Libraries\scpik.lib">
      <Filter>Library Files</Filter>
    </Library>
    <Library Include="..\..\LTCSimNetlist\Libraries\sympi.lib">
      <Filter>Library Files</Filter>
    </Library>
  </ItemGroup>
</Project>